
Microsoft Visual Studio Solution File, Format Version 12.00
# Visual Studio 15
Project("{FAE04EC0-301F-11D3-BF4B-00C04F79EFBC}") = "Assembly-CSharp", "Assembly-CSharp.csproj", "{874AE92C-B165-0BE4-8E26-7808516C7237}"
EndProject
Project("{FAE04EC0-301F-11D3-BF4B-00C04F79EFBC}") = "Assembly-CSharp-Editor", "Assembly-CSharp-Editor.csproj", "{B9668FE6-07B4-7D2C-48F2-5FF691FF547B}"
EndProject
Global
	GlobalSection(SolutionConfigurationPlatforms) = preSolution
		Debug|Any CPU = Debug|Any CPU
		Release|Any CPU = Release|Any CPU
	EndGlobalSection
	GlobalSection(ProjectConfigurationPlatforms) = postSolution
		{874AE92C-B165-0BE4-8E26-7808516C7237}.Debug|Any CPU.ActiveCfg = Debug|Any CPU
		{874AE92C-B165-0BE4-8E26-7808516C7237}.Debug|Any CPU.Build.0 = Debug|Any CPU
		{874AE92C-B165-0BE4-8E26-7808516C7237}.Release|Any CPU.ActiveCfg = Release|Any CPU
		{874AE92C-B165-0BE4-8E26-7808516C7237}.Release|Any CPU.Build.0 = Release|Any CPU
		{B9668FE6-07B4-7D2C-48F2-5FF691FF547B}.Debug|Any CPU.ActiveCfg = Debug|Any CPU
		{B9668FE6-07B4-7D2C-48F2-5FF691FF547B}.Debug|Any CPU.Build.0 = Debug|Any CPU
		{B9668FE6-07B4-7D2C-48F2-5FF691FF547B}.Release|Any CPU.ActiveCfg = Release|Any CPU
		{B9668FE6-07B4-7D2C-48F2-5FF691FF547B}.Release|Any CPU.Build.0 = Release|Any CPU
	EndGlobalSection
	GlobalSection(SolutionProperties) = preSolution
		HideSolutionNode = FALSE
	EndGlobalSection
EndGlobal
